
Microsoft Visual Studio Solution File, Format Version 12.00
# Visual Studio Version 17
VisualStudioVersion = 17.14.36717.8
MinimumVisualStudioVersion = 10.0.40219.1
Project("{2150E333-8FDC-42A3-9474-1A3956D46DE8}") = "Solution Items", "Solution Items", "{8EC462FD-D22E-90A8-E5CE-7E832BA40C5D}"
	ProjectSection(SolutionItems) = preProject
		.gitignore = .gitignore
	EndProjectSection
EndProject
Project("{FAE04EC0-301F-11D3-BF4B-00C04F79EFBC}") = "Task 1", "Task 1\Task 1.csproj", "{FDA5740A-2DE0-46FB-88FD-89F2B7A0725F}"
EndProject
Project("{FAE04EC0-301F-11D3-BF4B-00C04F79EFBC}") = "Task 2", "Task 2\Task 2.csproj", "{74331CFB-1CAC-4EC0-A37E-504DB17E9F09}"
EndProject
Project("{FAE04EC0-301F-11D3-BF4B-00C04F79EFBC}") = "Task 3", "Task 3\Task 3.csproj", "{AC3B112D-66FE-4F39-A8A6-C988C157E1C3}"
EndProject
Project("{FAE04EC0-301F-11D3-BF4B-00C04F79EFBC}") = "Task 4", "Task 4\Task 4.csproj", "{3E7F4B59-1386-49FE-B906-4A8302A29EC3}"
EndProject
Project("{FAE04EC0-301F-11D3-BF4B-00C04F79EFBC}") = "Task 5", "Task 5\Task 5.csproj", "{D1F7F93D-9059-456A-886C-C06222323EDD}"
EndProject
Global
	GlobalSection(SolutionConfigurationPlatforms) = preSolution
		Debug|Any CPU = Debug|Any CPU
		Release|Any CPU = Release|Any CPU
	EndGlobalSection
	GlobalSection(ProjectConfigurationPlatforms) = postSolution
		{FDA5740A-2DE0-46FB-88FD-89F2B7A0725F}.Debug|Any CPU.ActiveCfg = Debug|Any CPU
		{FDA5740A-2DE0-46FB-88FD-89F2B7A0725F}.Debug|Any CPU.Build.0 = Debug|Any CPU
		{FDA5740A-2DE0-46FB-88FD-89F2B7A0725F}.Release|Any CPU.ActiveCfg = Release|Any CPU
		{FDA5740A-2DE0-46FB-88FD-89F2B7A0725F}.Release|Any CPU.Build.0 = Release|Any CPU
		{74331CFB-1CAC-4EC0-A37E-504DB17E9F09}.Debug|Any CPU.ActiveCfg = Debug|Any CPU
		{74331CFB-1CAC-4EC0-A37E-504DB17E9F09}.Debug|Any CPU.Build.0 = Debug|Any CPU
		{74331CFB-1CAC-4EC0-A37E-504DB17E9F09}.Release|Any CPU.ActiveCfg = Release|Any CPU
		{74331CFB-1CAC-4EC0-A37E-504DB17E9F09}.Release|Any CPU.Build.0 = Release|Any CPU
		{AC3B112D-66FE-4F39-A8A6-C988C157E1C3}.Debug|Any CPU.ActiveCfg = Debug|Any CPU
		{AC3B112D-66FE-4F39-A8A6-C988C157E1C3}.Debug|Any CPU.Build.0 = Debug|Any CPU
		{AC3B112D-66FE-4F39-A8A6-C988C157E1C3}.Release|Any CPU.ActiveCfg = Release|Any CPU
		{AC3B112D-66FE-4F39-A8A6-C988C157E1C3}.Release|Any CPU.Build.0 = Release|Any CPU
		{3E7F4B59-1386-49FE-B906-4A8302A29EC3}.Debug|Any CPU.ActiveCfg = Debug|Any CPU
		{3E7F4B59-1386-49FE-B906-4A8302A29EC3}.Debug|Any CPU.Build.0 = Debug|Any CPU
		{3E7F4B59-1386-49FE-B906-4A8302A29EC3}.Release|Any CPU.ActiveCfg = Release|Any CPU
		{3E7F4B59-1386-49FE-B906-4A8302A29EC3}.Release|Any CPU.Build.0 = Release|Any CPU
		{D1F7F93D-9059-456A-886C-C06222323EDD}.Debug|Any CPU.ActiveCfg = Debug|Any CPU
		{D1F7F93D-9059-456A-886C-C06222323EDD}.Debug|Any CPU.Build.0 = Debug|Any CPU
		{D1F7F93D-9059-456A-886C-C06222323EDD}.Release|Any CPU.ActiveCfg = Release|Any CPU
		{D1F7F93D-9059-456A-886C-C06222323EDD}.Release|Any CPU.Build.0 = Release|Any CPU
	EndGlobalSection
	GlobalSection(SolutionProperties) = preSolution
		HideSolutionNode = FALSE
	EndGlobalSection
	GlobalSection(NestedProjects) = preSolution
		{FDA5740A-2DE0-46FB-88FD-89F2B7A0725F} = {8EC462FD-D22E-90A8-E5CE-7E832BA40C5D}
		{74331CFB-1CAC-4EC0-A37E-504DB17E9F09} = {8EC462FD-D22E-90A8-E5CE-7E832BA40C5D}
		{AC3B112D-66FE-4F39-A8A6-C988C157E1C3} = {8EC462FD-D22E-90A8-E5CE-7E832BA40C5D}
		{3E7F4B59-1386-49FE-B906-4A8302A29EC3} = {8EC462FD-D22E-90A8-E5CE-7E832BA40C5D}
		{D1F7F93D-9059-456A-886C-C06222323EDD} = {8EC462FD-D22E-90A8-E5CE-7E832BA40C5D}
	EndGlobalSection
	GlobalSection(ExtensibilityGlobals) = postSolution
		SolutionGuid = {0C1CB7EC-5C09-4979-8AB0-0E5840EDF5D5}
	EndGlobalSection
EndGlobal
